// !$*UTF8*$!
{
	archiveVersion = 1;
	classes = {
	};
	objectVersion = 46;
	objects = {

/* Begin PBXBuildFile section */
		65056529192CA0A200B52949 /* opencl.cc in Sources */ = {isa = PBXBuildFile; fileRef = 65056527192CA0A200B52949 /* opencl.cc */; };
		6505652C192CA14600B52949 /* logging.cc in Sources */ = {isa = PBXBuildFile; fileRef = 6505652A192CA14600B52949 /* logging.cc */; };
		6505652E192CABDE00B52949 /* OpenCL.framework in Frameworks */ = {isa = PBXBuildFile; fileRef = 6505652D192CABDE00B52949 /* OpenCL.framework */; };
		65056530192CABE400B52949 /* OpenGL.framework in Frameworks */ = {isa = PBXBuildFile; fileRef = 6505652F192CABE400B52949 /* OpenGL.framework */; };
		65056540192CAD2B00B52949 /* logging.cc in Sources */ = {isa = PBXBuildFile; fileRef = 6505652A192CA14600B52949 /* logging.cc */; };
		65056541192CAD2B00B52949 /* opencl.cc in Sources */ = {isa = PBXBuildFile; fileRef = 65056527192CA0A200B52949 /* opencl.cc */; };
		65056542192CAD7600B52949 /* OpenCL.framework in Frameworks */ = {isa = PBXBuildFile; fileRef = 6505652D192CABDE00B52949 /* OpenCL.framework */; };
		65056543192CAD7600B52949 /* OpenGL.framework in Frameworks */ = {isa = PBXBuildFile; fileRef = 6505652F192CABE400B52949 /* OpenGL.framework */; };
		65056544192CAD8F00B52949 /* aes-opencl-test.cc in Sources */ = {isa = PBXBuildFile; fileRef = 6505653E192CAD2100B52949 /* aes-opencl-test.cc */; };
		6505654B192CC71200B52949 /* aes-internal-dec.c in Sources */ = {isa = PBXBuildFile; fileRef = 65B9E95C19176D9600DDE62E /* aes-internal-dec.c */; };
		6505654C192CC71200B52949 /* aes-internal-enc.c in Sources */ = {isa = PBXBuildFile; fileRef = 65B9E95D19176D9600DDE62E /* aes-internal-enc.c */; };
		6505654D192CC71D00B52949 /* aes-internal.c in Sources */ = {isa = PBXBuildFile; fileRef = 65B9E95E19176D9600DDE62E /* aes-internal.c */; };
		65147D2B1930AA8A00F13769 /* aes_vec.cl in Sources */ = {isa = PBXBuildFile; fileRef = 65147D2A1930AA8A00F13769 /* aes_vec.cl */; };
		65B9E95119176C6100DDE62E /* aes-gcm-test.c in Sources */ = {isa = PBXBuildFile; fileRef = 65B9E95019176C6100DDE62E /* aes-gcm-test.c */; };
		65B9E95319176D0300DDE62E /* aes-gcm.c in Sources */ = {isa = PBXBuildFile; fileRef = 65B9E95219176D0300DDE62E /* aes-gcm.c */; };
		65B9E96219176D9600DDE62E /* aes-cbc.c in Sources */ = {isa = PBXBuildFile; fileRef = 65B9E95719176D9600DDE62E /* aes-cbc.c */; };
		65B9E96319176D9600DDE62E /* aes-ccm.c in Sources */ = {isa = PBXBuildFile; fileRef = 65B9E95819176D9600DDE62E /* aes-ccm.c */; };
		65B9E96419176D9600DDE62E /* aes-ctr.c in Sources */ = {isa = PBXBuildFile; fileRef = 65B9E95919176D9600DDE62E /* aes-ctr.c */; };
		65B9E96519176D9600DDE62E /* aes-eax.c in Sources */ = {isa = PBXBuildFile; fileRef = 65B9E95A19176D9600DDE62E /* aes-eax.c */; };
		65B9E96619176D9600DDE62E /* aes-encblock.c in Sources */ = {isa = PBXBuildFile; fileRef = 65B9E95B19176D9600DDE62E /* aes-encblock.c */; };
		65B9E96719176D9600DDE62E /* aes-internal-dec.c in Sources */ = {isa = PBXBuildFile; fileRef = 65B9E95C19176D9600DDE62E /* aes-internal-dec.c */; };
		65B9E96819176D9600DDE62E /* aes-internal-enc.c in Sources */ = {isa = PBXBuildFile; fileRef = 65B9E95D19176D9600DDE62E /* aes-internal-enc.c */; };
		65B9E96919176D9600DDE62E /* aes-internal.c in Sources */ = {isa = PBXBuildFile; fileRef = 65B9E95E19176D9600DDE62E /* aes-internal.c */; };
		65B9E96A19176D9600DDE62E /* aes-omac1.c in Sources */ = {isa = PBXBuildFile; fileRef = 65B9E95F19176D9600DDE62E /* aes-omac1.c */; };
		65B9E96B19176D9600DDE62E /* aes-unwrap.c in Sources */ = {isa = PBXBuildFile; fileRef = 65B9E96019176D9600DDE62E /* aes-unwrap.c */; };
		65B9E96C19176D9600DDE62E /* aes-wrap.c in Sources */ = {isa = PBXBuildFile; fileRef = 65B9E96119176D9600DDE62E /* aes-wrap.c */; };
		65B9E97819176F2100DDE62E /* aes-debug.c in Sources */ = {isa = PBXBuildFile; fileRef = 65B9E97619176F2100DDE62E /* aes-debug.c */; };
/* End PBXBuildFile section */

/* Begin PBXCopyFilesBuildPhase section */
		65056533192CACEA00B52949 /* CopyFiles */ = {
			isa = PBXCopyFilesBuildPhase;
			buildActionMask = 2147483647;
			dstPath = /usr/share/man/man1/;
			dstSubfolderSpec = 0;
			files = (
			);
			runOnlyForDeploymentPostprocessing = 1;
		};
		65B9E94219176C1D00DDE62E /* CopyFiles */ = {
			isa = PBXCopyFilesBuildPhase;
			buildActionMask = 2147483647;
			dstPath = /usr/share/man/man1/;
			dstSubfolderSpec = 0;
			files = (
			);
			runOnlyForDeploymentPostprocessing = 1;
		};
/* End PBXCopyFilesBuildPhase section */

/* Begin PBXFileReference section */
		65056527192CA0A200B52949 /* opencl.cc */ = {isa = PBXFileReference; fileEncoding = 4; lastKnownFileType = sourcecode.cpp.cpp; name = opencl.cc; path = src/opencl.cc; sourceTree = SOURCE_ROOT; };
		65056528192CA0A200B52949 /* opencl.h */ = {isa = PBXFileReference; fileEncoding = 4; lastKnownFileType = sourcecode.c.h; name = opencl.h; path = src/opencl.h; sourceTree = SOURCE_ROOT; };
		6505652A192CA14600B52949 /* logging.cc */ = {isa = PBXFileReference; fileEncoding = 4; lastKnownFileType = sourcecode.cpp.cpp; name = logging.cc; path = src/logging.cc; sourceTree = SOURCE_ROOT; };
		6505652B192CA14600B52949 /* logging.h */ = {isa = PBXFileReference; fileEncoding = 4; lastKnownFileType = sourcecode.c.h; name = logging.h; path = src/logging.h; sourceTree = SOURCE_ROOT; };
		6505652D192CABDE00B52949 /* OpenCL.framework */ = {isa = PBXFileReference; lastKnownFileType = wrapper.framework; name = OpenCL.framework; path = System/Library/Frameworks/OpenCL.framework; sourceTree = SDKROOT; };
		6505652F192CABE400B52949 /* OpenGL.framework */ = {isa = PBXFileReference; lastKnownFileType = wrapper.framework; name = OpenGL.framework; path = System/Library/Frameworks/OpenGL.framework; sourceTree = SDKROOT; };
		65056535192CACEA00B52949 /* aes-opencl-test */ = {isa = PBXFileReference; explicitFileType = "compiled.mach-o.executable"; includeInIndex = 0; path = "aes-opencl-test"; sourceTree = BUILT_PRODUCTS_DIR; };
		6505653E192CAD2100B52949 /* aes-opencl-test.cc */ = {isa = PBXFileReference; fileEncoding = 4; lastKnownFileType = sourcecode.cpp.cpp; name = "aes-opencl-test.cc"; path = "src/aes-opencl-test.cc"; sourceTree = SOURCE_ROOT; };
		65056545192CB3E700B52949 /* test.cl */ = {isa = PBXFileReference; fileEncoding = 4; lastKnownFileType = sourcecode.opencl; name = test.cl; path = src/test.cl; sourceTree = SOURCE_ROOT; };
		65056547192CBEC600B52949 /* aes.cl */ = {isa = PBXFileReference; fileEncoding = 4; lastKnownFileType = sourcecode.opencl; name = aes.cl; path = src/aes.cl; sourceTree = SOURCE_ROOT; };
		65147D2A1930AA8A00F13769 /* aes_vec.cl */ = {isa = PBXFileReference; fileEncoding = 4; lastKnownFileType = sourcecode.opencl; name = aes_vec.cl; path = src/aes_vec.cl; sourceTree = SOURCE_ROOT; };
		65685711191E33B300E19244 /* aes-common.h */ = {isa = PBXFileReference; fileEncoding = 4; lastKnownFileType = sourcecode.c.h; name = "aes-common.h"; path = "src/aes-common.h"; sourceTree = SOURCE_ROOT; };
		65B9E94419176C1D00DDE62E /* aes-gcm-test */ = {isa = PBXFileReference; explicitFileType = "compiled.mach-o.executable"; includeInIndex = 0; path = "aes-gcm-test"; sourceTree = BUILT_PRODUCTS_DIR; };
		65B9E95019176C6100DDE62E /* aes-gcm-test.c */ = {isa = PBXFileReference; fileEncoding = 4; lastKnownFileType = sourcecode.c.c; name = "aes-gcm-test.c"; path = "src/aes-gcm-test.c"; sourceTree = SOURCE_ROOT; };
		65B9E95219176D0300DDE62E /* aes-gcm.c */ = {isa = PBXFileReference; fileEncoding = 4; lastKnownFileType = sourcecode.c.c; name = "aes-gcm.c"; path = "src/aes-gcm.c"; sourceTree = SOURCE_ROOT; };
		65B9E95519176D6600DDE62E /* aes.h */ = {isa = PBXFileReference; fileEncoding = 4; lastKnownFileType = sourcecode.c.h; name = aes.h; path = src/aes.h; sourceTree = SOURCE_ROOT; };
		65B9E95619176D9600DDE62E /* aes-internal.h */ = {isa = PBXFileReference; fileEncoding = 4; lastKnownFileType = sourcecode.c.h; name = "aes-internal.h"; path = "src/aes-internal.h"; sourceTree = SOURCE_ROOT; };
		65B9E95719176D9600DDE62E /* aes-cbc.c */ = {isa = PBXFileReference; fileEncoding = 4; lastKnownFileType = sourcecode.c.c; name = "aes-cbc.c"; path = "src/aes-cbc.c"; sourceTree = SOURCE_ROOT; };
		65B9E95819176D9600DDE62E /* aes-ccm.c */ = {isa = PBXFileReference; fileEncoding = 4; lastKnownFileType = sourcecode.c.c; name = "aes-ccm.c"; path = "src/aes-ccm.c"; sourceTree = SOURCE_ROOT; };
		65B9E95919176D9600DDE62E /* aes-ctr.c */ = {isa = PBXFileReference; fileEncoding = 4; lastKnownFileType = sourcecode.c.c; name = "aes-ctr.c"; path = "src/aes-ctr.c"; sourceTree = SOURCE_ROOT; };
		65B9E95A19176D9600DDE62E /* aes-eax.c */ = {isa = PBXFileReference; fileEncoding = 4; lastKnownFileType = sourcecode.c.c; name = "aes-eax.c"; path = "src/aes-eax.c"; sourceTree = SOURCE_ROOT; };
		65B9E95B19176D9600DDE62E /* aes-encblock.c */ = {isa = PBXFileReference; fileEncoding = 4; lastKnownFileType = sourcecode.c.c; name = "aes-encblock.c"; path = "src/aes-encblock.c"; sourceTree = SOURCE_ROOT; };
		65B9E95C19176D9600DDE62E /* aes-internal-dec.c */ = {isa = PBXFileReference; fileEncoding = 4; lastKnownFileType = sourcecode.c.c; name = "aes-internal-dec.c"; path = "src/aes-internal-dec.c"; sourceTree = SOURCE_ROOT; };
		65B9E95D19176D9600DDE62E /* aes-internal-enc.c */ = {isa = PBXFileReference; fileEncoding = 4; lastKnownFileType = sourcecode.c.c; name = "aes-internal-enc.c"; path = "src/aes-internal-enc.c"; sourceTree = SOURCE_ROOT; };
		65B9E95E19176D9600DDE62E /* aes-internal.c */ = {isa = PBXFileReference; fileEncoding = 4; lastKnownFileType = sourcecode.c.c; name = "aes-internal.c"; path = "src/aes-internal.c"; sourceTree = SOURCE_ROOT; };
		65B9E95F19176D9600DDE62E /* aes-omac1.c */ = {isa = PBXFileReference; fileEncoding = 4; lastKnownFileType = sourcecode.c.c; name = "aes-omac1.c"; path = "src/aes-omac1.c"; sourceTree = SOURCE_ROOT; };
		65B9E96019176D9600DDE62E /* aes-unwrap.c */ = {isa = PBXFileReference; fileEncoding = 4; lastKnownFileType = sourcecode.c.c; name = "aes-unwrap.c"; path = "src/aes-unwrap.c"; sourceTree = SOURCE_ROOT; };
		65B9E96119176D9600DDE62E /* aes-wrap.c */ = {isa = PBXFileReference; fileEncoding = 4; lastKnownFileType = sourcecode.c.c; name = "aes-wrap.c"; path = "src/aes-wrap.c"; sourceTree = SOURCE_ROOT; };
		65B9E97619176F2100DDE62E /* aes-debug.c */ = {isa = PBXFileReference; fileEncoding = 4; lastKnownFileType = sourcecode.c.c; name = "aes-debug.c"; path = "src/aes-debug.c"; sourceTree = SOURCE_ROOT; };
		65B9E97719176F2100DDE62E /* aes-debug.h */ = {isa = PBXFileReference; fileEncoding = 4; lastKnownFileType = sourcecode.c.h; name = "aes-debug.h"; path = "src/aes-debug.h"; sourceTree = SOURCE_ROOT; };
/* End PBXFileReference section */

/* Begin PBXFrameworksBuildPhase section */
		65056532192CACEA00B52949 /* Frameworks */ = {
			isa = PBXFrameworksBuildPhase;
			buildActionMask = 2147483647;
			files = (
				65056542192CAD7600B52949 /* OpenCL.framework in Frameworks */,
				65056543192CAD7600B52949 /* OpenGL.framework in Frameworks */,
			);
			runOnlyForDeploymentPostprocessing = 0;
		};
		65B9E94119176C1D00DDE62E /* Frameworks */ = {
			isa = PBXFrameworksBuildPhase;
			buildActionMask = 2147483647;
			files = (
				65056530192CABE400B52949 /* OpenGL.framework in Frameworks */,
				6505652E192CABDE00B52949 /* OpenCL.framework in Frameworks */,
			);
			runOnlyForDeploymentPostprocessing = 0;
		};
/* End PBXFrameworksBuildPhase section */

/* Begin PBXGroup section */
		65B9E93B19176C1D00DDE62E = {
			isa = PBXGroup;
			children = (
				6505652F192CABE400B52949 /* OpenGL.framework */,
				6505652D192CABDE00B52949 /* OpenCL.framework */,
				65B9E94619176C1D00DDE62E /* src */,
				65B9E94519176C1D00DDE62E /* Products */,
			);
			sourceTree = "<group>";
		};
		65B9E94519176C1D00DDE62E /* Products */ = {
			isa = PBXGroup;
			children = (
				65B9E94419176C1D00DDE62E /* aes-gcm-test */,
				65056535192CACEA00B52949 /* aes-opencl-test */,
			);
			name = Products;
			sourceTree = "<group>";
		};
		65B9E94619176C1D00DDE62E /* src */ = {
			isa = PBXGroup;
			children = (
				65056545192CB3E700B52949 /* test.cl */,
				65056547192CBEC600B52949 /* aes.cl */,
				65147D2A1930AA8A00F13769 /* aes_vec.cl */,
				6505653E192CAD2100B52949 /* aes-opencl-test.cc */,
				65B9E95019176C6100DDE62E /* aes-gcm-test.c */,
				6505652A192CA14600B52949 /* logging.cc */,
				6505652B192CA14600B52949 /* logging.h */,
				65056527192CA0A200B52949 /* opencl.cc */,
				65056528192CA0A200B52949 /* opencl.h */,
				65B9E95719176D9600DDE62E /* aes-cbc.c */,
				65B9E95819176D9600DDE62E /* aes-ccm.c */,
				65685711191E33B300E19244 /* aes-common.h */,
				65B9E95919176D9600DDE62E /* aes-ctr.c */,
				65B9E97619176F2100DDE62E /* aes-debug.c */,
				65B9E97719176F2100DDE62E /* aes-debug.h */,
				65B9E95A19176D9600DDE62E /* aes-eax.c */,
				65B9E95B19176D9600DDE62E /* aes-encblock.c */,
				65B9E95219176D0300DDE62E /* aes-gcm.c */,
				65B9E95C19176D9600DDE62E /* aes-internal-dec.c */,
				65B9E95D19176D9600DDE62E /* aes-internal-enc.c */,
				65B9E95E19176D9600DDE62E /* aes-internal.c */,
				65B9E95619176D9600DDE62E /* aes-internal.h */,
				65B9E95F19176D9600DDE62E /* aes-omac1.c */,
				65B9E96019176D9600DDE62E /* aes-unwrap.c */,
				65B9E96119176D9600DDE62E /* aes-wrap.c */,
				65B9E95519176D6600DDE62E /* aes.h */,
			);
			name = src;
			path = "aes-gcm";
			sourceTree = "<group>";
		};
/* End PBXGroup section */

/* Begin PBXNativeTarget section */
		65056534192CACEA00B52949 /* aes-opencl-test */ = {
			isa = PBXNativeTarget;
			buildConfigurationList = 6505653B192CACEA00B52949 /* Build configuration list for PBXNativeTarget "aes-opencl-test" */;
			buildPhases = (
				65056531192CACEA00B52949 /* Sources */,
				65056532192CACEA00B52949 /* Frameworks */,
				65056533192CACEA00B52949 /* CopyFiles */,
			);
			buildRules = (
			);
			dependencies = (
			);
			name = "aes-opencl-test";
			productName = "aes-opencl-test";
			productReference = 65056535192CACEA00B52949 /* aes-opencl-test */;
			productType = "com.apple.product-type.tool";
		};
		65B9E94319176C1D00DDE62E /* aes-gcm-test */ = {
			isa = PBXNativeTarget;
			buildConfigurationList = 65B9E94D19176C1D00DDE62E /* Build configuration list for PBXNativeTarget "aes-gcm-test" */;
			buildPhases = (
				65B9E94019176C1D00DDE62E /* Sources */,
				65B9E94119176C1D00DDE62E /* Frameworks */,
				65B9E94219176C1D00DDE62E /* CopyFiles */,
			);
			buildRules = (
			);
			dependencies = (
			);
			name = "aes-gcm-test";
			productName = "aes-gcm";
			productReference = 65B9E94419176C1D00DDE62E /* aes-gcm-test */;
			productType = "com.apple.product-type.tool";
		};
/* End PBXNativeTarget section */

/* Begin PBXProject section */
		65B9E93C19176C1D00DDE62E /* Project object */ = {
			isa = PBXProject;
			attributes = {
				LastUpgradeCheck = 0510;
				ORGANIZATIONNAME = Metaparadigm;
			};
			buildConfigurationList = 65B9E93F19176C1D00DDE62E /* Build configuration list for PBXProject "aes-gcm" */;
			compatibilityVersion = "Xcode 3.2";
			developmentRegion = English;
			hasScannedForEncodings = 0;
			knownRegions = (
				en,
			);
			mainGroup = 65B9E93B19176C1D00DDE62E;
			productRefGroup = 65B9E94519176C1D00DDE62E /* Products */;
			projectDirPath = "";
			projectRoot = "";
			targets = (
				65B9E94319176C1D00DDE62E /* aes-gcm-test */,
				65056534192CACEA00B52949 /* aes-opencl-test */,
			);
		};
/* End PBXProject section */

/* Begin PBXSourcesBuildPhase section */
		65056531192CACEA00B52949 /* Sources */ = {
			isa = PBXSourcesBuildPhase;
			buildActionMask = 2147483647;
			files = (
				65056541192CAD2B00B52949 /* opencl.cc in Sources */,
				65056544192CAD8F00B52949 /* aes-opencl-test.cc in Sources */,
				6505654D192CC71D00B52949 /* aes-internal.c in Sources */,
				6505654C192CC71200B52949 /* aes-internal-enc.c in Sources */,
				65056540192CAD2B00B52949 /* logging.cc in Sources */,
				6505654B192CC71200B52949 /* aes-internal-dec.c in Sources */,
			);
			runOnlyForDeploymentPostprocessing = 0;
		};
		65B9E94019176C1D00DDE62E /* Sources */ = {
			isa = PBXSourcesBuildPhase;
			buildActionMask = 2147483647;
			files = (
				65B9E96B19176D9600DDE62E /* aes-unwrap.c in Sources */,
				65B9E95119176C6100DDE62E /* aes-gcm-test.c in Sources */,
				65B9E95319176D0300DDE62E /* aes-gcm.c in Sources */,
				65B9E96919176D9600DDE62E /* aes-internal.c in Sources */,
				65B9E96819176D9600DDE62E /* aes-internal-enc.c in Sources */,
				65147D2B1930AA8A00F13769 /* aes_vec.cl in Sources */,
				6505652C192CA14600B52949 /* logging.cc in Sources */,
				65B9E96519176D9600DDE62E /* aes-eax.c in Sources */,
				65B9E96A19176D9600DDE62E /* aes-omac1.c in Sources */,
				65B9E96619176D9600DDE62E /* aes-encblock.c in Sources */,
				65B9E96419176D9600DDE62E /* aes-ctr.c in Sources */,
				65056529192CA0A200B52949 /* opencl.cc in Sources */,
				65B9E96219176D9600DDE62E /* aes-cbc.c in Sources */,
				65B9E97819176F2100DDE62E /* aes-debug.c in Sources */,
				65B9E96319176D9600DDE62E /* aes-ccm.c in Sources */,
				65B9E96719176D9600DDE62E /* aes-internal-dec.c in Sources */,
				65B9E96C19176D9600DDE62E /* aes-wrap.c in Sources */,
			);
			runOnlyForDeploymentPostprocessing = 0;
		};
/* End PBXSourcesBuildPhase section */

/* Begin XCBuildConfiguration section */
		6505653C192CACEA00B52949 /* Debug */ = {
			isa = XCBuildConfiguration;
			buildSettings = {
				GCC_PREPROCESSOR_DEFINITIONS = (
					"DEBUG=1",
					"$(inherited)",
				);
				PRODUCT_NAME = "$(TARGET_NAME)";
			};
			name = Debug;
		};
		6505653D192CACEA00B52949 /* Release */ = {
			isa = XCBuildConfiguration;
			buildSettings = {
				PRODUCT_NAME = "$(TARGET_NAME)";
			};
			name = Release;
		};
		65B9E94B19176C1D00DDE62E /* Debug */ = {
			isa = XCBuildConfiguration;
			buildSettings = {
				ALWAYS_SEARCH_USER_PATHS = NO;
				CLANG_CXX_LANGUAGE_STANDARD = "gnu++0x";
				CLANG_CXX_LIBRARY = "libc++";
				CLANG_ENABLE_MODULES = YES;
				CLANG_ENABLE_OBJC_ARC = YES;
				CLANG_WARN_BOOL_CONVERSION = YES;
				CLANG_WARN_CONSTANT_CONVERSION = YES;
				CLANG_WARN_DIRECT_OBJC_ISA_USAGE = YES_ERROR;
				CLANG_WARN_EMPTY_BODY = YES;
				CLANG_WARN_ENUM_CONVERSION = YES;
				CLANG_WARN_INT_CONVERSION = YES;
				CLANG_WARN_OBJC_ROOT_CLASS = YES_ERROR;
				CLANG_WARN__DUPLICATE_METHOD_MATCH = YES;
				COPY_PHASE_STRIP = NO;
				GCC_C_LANGUAGE_STANDARD = gnu99;
				GCC_DYNAMIC_NO_PIC = NO;
				GCC_ENABLE_OBJC_EXCEPTIONS = YES;
				GCC_OPTIMIZATION_LEVEL = 0;
				GCC_PREPROCESSOR_DEFINITIONS = (
					"DEBUG=1",
					"$(inherited)",
				);
				GCC_SYMBOLS_PRIVATE_EXTERN = NO;
				GCC_WARN_64_TO_32_BIT_CONVERSION = YES;
				GCC_WARN_ABOUT_RETURN_TYPE = YES_ERROR;
				GCC_WARN_UNDECLARED_SELECTOR = YES;
				GCC_WARN_UNINITIALIZED_AUTOS = YES_AGGRESSIVE;
				GCC_WARN_UNUSED_FUNCTION = YES;
				GCC_WARN_UNUSED_VARIABLE = YES;
				MACOSX_DEPLOYMENT_TARGET = 10.9;
				ONLY_ACTIVE_ARCH = YES;
				SDKROOT = macosx;
			};
			name = Debug;
		};
		65B9E94C19176C1D00DDE62E /* Release */ = {
			isa = XCBuildConfiguration;
			buildSettings = {
				ALWAYS_SEARCH_USER_PATHS = NO;
				CLANG_CXX_LANGUAGE_STANDARD = "gnu++0x";
				CLANG_CXX_LIBRARY = "libc++";
				CLANG_ENABLE_MODULES = YES;
				CLANG_ENABLE_OBJC_ARC = YES;
				CLANG_WARN_BOOL_CONVERSION = YES;
				CLANG_WARN_CONSTANT_CONVERSION = YES;
				CLANG_WARN_DIRECT_OBJC_ISA_USAGE = YES_ERROR;
				CLANG_WARN_EMPTY_BODY = YES;
				CLANG_WARN_ENUM_CONVERSION = YES;
				CLANG_WARN_INT_CONVERSION = YES;
				CLANG_WARN_OBJC_ROOT_CLASS = YES_ERROR;
				CLANG_WARN__DUPLICATE_METHOD_MATCH = YES;
				COPY_PHASE_STRIP = YES;
				DEBUG_INFORMATION_FORMAT = "dwarf-with-dsym";
				ENABLE_NS_ASSERTIONS = NO;
				GCC_C_LANGUAGE_STANDARD = gnu99;
				GCC_ENABLE_OBJC_EXCEPTIONS = YES;
				GCC_OPTIMIZATION_LEVEL = 3;
				GCC_WARN_64_TO_32_BIT_CONVERSION = YES;
				GCC_WARN_ABOUT_RETURN_TYPE = YES_ERROR;
				GCC_WARN_UNDECLARED_SELECTOR = YES;
				GCC_WARN_UNINITIALIZED_AUTOS = YES_AGGRESSIVE;
				GCC_WARN_UNUSED_FUNCTION = YES;
				GCC_WARN_UNUSED_VARIABLE = YES;
				MACOSX_DEPLOYMENT_TARGET = 10.9;
				SDKROOT = macosx;
			};
			name = Release;
		};
		65B9E94E19176C1D00DDE62E /* Debug */ = {
			isa = XCBuildConfiguration;
			buildSettings = {
				PRODUCT_NAME = "$(TARGET_NAME)";
			};
			name = Debug;
		};
		65B9E94F19176C1D00DDE62E /* Release */ = {
			isa = XCBuildConfiguration;
			buildSettings = {
				PRODUCT_NAME = "$(TARGET_NAME)";
			};
			name = Release;
		};
/* End XCBuildConfiguration section */

/* Begin XCConfigurationList section */
		6505653B192CACEA00B52949 /* Build configuration list for PBXNativeTarget "aes-opencl-test" */ = {
			isa = XCConfigurationList;
			buildConfigurations = (
				6505653C192CACEA00B52949 /* Debug */,
				6505653D192CACEA00B52949 /* Release */,
			);
			defaultConfigurationIsVisible = 0;
			defaultConfigurationName = Release;
		};
		65B9E93F19176C1D00DDE62E /* Build configuration list for PBXProject "aes-gcm" */ = {
			isa = XCConfigurationList;
			buildConfigurations = (
				65B9E94B19176C1D00DDE62E /* Debug */,
				65B9E94C19176C1D00DDE62E /* Release */,
			);
			defaultConfigurationIsVisible = 0;
			defaultConfigurationName = Release;
		};
		65B9E94D19176C1D00DDE62E /* Build configuration list for PBXNativeTarget "aes-gcm-test" */ = {
			isa = XCConfigurationList;
			buildConfigurations = (
				65B9E94E19176C1D00DDE62E /* Debug */,
				65B9E94F19176C1D00DDE62E /* Release */,
			);
			defaultConfigurationIsVisible = 0;
			defaultConfigurationName = Release;
		};
/* End XCConfigurationList section */
	};
	rootObject = 65B9E93C19176C1D00DDE62E /* Project object */;
}
