// !$*UTF8*$!
{
	archiveVersion = 1;
	classes = {
	};
	objectVersion = 46;
	objects = {

/* Begin PBXBuildFile section */
		65B9E94819176C1D00DDE62E /* main.cpp in Sources */ = {isa = PBXBuildFile; fileRef = 65B9E94719176C1D00DDE62E /* main.cpp */; };
		65B9E94A19176C1D00DDE62E /* aes_gcm.1 in CopyFiles */ = {isa = PBXBuildFile; fileRef = 65B9E94919176C1D00DDE62E /* aes_gcm.1 */; };
/* End PBXBuildFile section */

/* Begin PBXCopyFilesBuildPhase section */
		65B9E94219176C1D00DDE62E /* CopyFiles */ = {
			isa = PBXCopyFilesBuildPhase;
			buildActionMask = 2147483647;
			dstPath = /usr/share/man/man1/;
			dstSubfolderSpec = 0;
			files = (
				65B9E94A19176C1D00DDE62E /* aes_gcm.1 in CopyFiles */,
			);
			runOnlyForDeploymentPostprocessing = 1;
		};
/* End PBXCopyFilesBuildPhase section */

/* Begin PBXFileReference section */
		65B9E94419176C1D00DDE62E /* aes-gcm */ = {isa = PBXFileReference; explicitFileType = "compiled.mach-o.executable"; includeInIndex = 0; path = "aes-gcm"; sourceTree = BUILT_PRODUCTS_DIR; };
		65B9E94719176C1D00DDE62E /* main.cpp */ = {isa = PBXFileReference; lastKnownFileType = sourcecode.cpp.cpp; path = main.cpp; sourceTree = "<group>"; };
		65B9E94919176C1D00DDE62E /* aes_gcm.1 */ = {isa = PBXFileReference; lastKnownFileType = text.man; path = aes_gcm.1; sourceTree = "<group>"; };
/* End PBXFileReference section */

/* Begin PBXFrameworksBuildPhase section */
		65B9E94119176C1D00DDE62E /* Frameworks */ = {
			isa = PBXFrameworksBuildPhase;
			buildActionMask = 2147483647;
			files = (
			);
			runOnlyForDeploymentPostprocessing = 0;
		};
/* End PBXFrameworksBuildPhase section */

/* Begin PBXGroup section */
		65B9E93B19176C1D00DDE62E = {
			isa = PBXGroup;
			children = (
				65B9E94619176C1D00DDE62E /* aes-gcm */,
				65B9E94519176C1D00DDE62E /* Products */,
			);
			sourceTree = "<group>";
		};
		65B9E94519176C1D00DDE62E /* Products */ = {
			isa = PBXGroup;
			children = (
				65B9E94419176C1D00DDE62E /* aes-gcm */,
			);
			name = Products;
			sourceTree = "<group>";
		};
		65B9E94619176C1D00DDE62E /* aes-gcm */ = {
			isa = PBXGroup;
			children = (
				65B9E94719176C1D00DDE62E /* main.cpp */,
				65B9E94919176C1D00DDE62E /* aes_gcm.1 */,
			);
			path = "aes-gcm";
			sourceTree = "<group>";
		};
/* End PBXGroup section */

/* Begin PBXNativeTarget section */
		65B9E94319176C1D00DDE62E /* aes-gcm */ = {
			isa = PBXNativeTarget;
			buildConfigurationList = 65B9E94D19176C1D00DDE62E /* Build configuration list for PBXNativeTarget "aes-gcm" */;
			buildPhases = (
				65B9E94019176C1D00DDE62E /* Sources */,
				65B9E94119176C1D00DDE62E /* Frameworks */,
				65B9E94219176C1D00DDE62E /* CopyFiles */,
			);
			buildRules = (
			);
			dependencies = (
			);
			name = "aes-gcm";
			productName = "aes-gcm";
			productReference = 65B9E94419176C1D00DDE62E /* aes-gcm */;
			productType = "com.apple.product-type.tool";
		};
/* End PBXNativeTarget section */

/* Begin PBXProject section */
		65B9E93C19176C1D00DDE62E /* Project object */ = {
			isa = PBXProject;
			attributes = {
				LastUpgradeCheck = 0510;
				ORGANIZATIONNAME = Metaparadigm;
			};
			buildConfigurationList = 65B9E93F19176C1D00DDE62E /* Build configuration list for PBXProject "aes-gcm" */;
			compatibilityVersion = "Xcode 3.2";
			developmentRegion = English;
			hasScannedForEncodings = 0;
			knownRegions = (
				en,
			);
			mainGroup = 65B9E93B19176C1D00DDE62E;
			productRefGroup = 65B9E94519176C1D00DDE62E /* Products */;
			projectDirPath = "";
			projectRoot = "";
			targets = (
				65B9E94319176C1D00DDE62E /* aes-gcm */,
			);
		};
/* End PBXProject section */

/* Begin PBXSourcesBuildPhase section */
		65B9E94019176C1D00DDE62E /* Sources */ = {
			isa = PBXSourcesBuildPhase;
			buildActionMask = 2147483647;
			files = (
				65B9E94819176C1D00DDE62E /* main.cpp in Sources */,
			);
			runOnlyForDeploymentPostprocessing = 0;
		};
/* End PBXSourcesBuildPhase section */

/* Begin XCBuildConfiguration section */
		65B9E94B19176C1D00DDE62E /* Debug */ = {
			isa = XCBuildConfiguration;
			buildSettings = {
				ALWAYS_SEARCH_USER_PATHS = NO;
				CLANG_CXX_LANGUAGE_STANDARD = "gnu++0x";
				CLANG_CXX_LIBRARY = "libc++";
				CLANG_ENABLE_MODULES = YES;
				CLANG_ENABLE_OBJC_ARC = YES;
				CLANG_WARN_BOOL_CONVERSION = YES;
				CLANG_WARN_CONSTANT_CONVERSION = YES;
				CLANG_WARN_DIRECT_OBJC_ISA_USAGE = YES_ERROR;
				CLANG_WARN_EMPTY_BODY = YES;
				CLANG_WARN_ENUM_CONVERSION = YES;
				CLANG_WARN_INT_CONVERSION = YES;
				CLANG_WARN_OBJC_ROOT_CLASS = YES_ERROR;
				CLANG_WARN__DUPLICATE_METHOD_MATCH = YES;
				COPY_PHASE_STRIP = NO;
				GCC_C_LANGUAGE_STANDARD = gnu99;
				GCC_DYNAMIC_NO_PIC = NO;
				GCC_ENABLE_OBJC_EXCEPTIONS = YES;
				GCC_OPTIMIZATION_LEVEL = 0;
				GCC_PREPROCESSOR_DEFINITIONS = (
					"DEBUG=1",
					"$(inherited)",
				);
				GCC_SYMBOLS_PRIVATE_EXTERN = NO;
				GCC_WARN_64_TO_32_BIT_CONVERSION = YES;
				GCC_WARN_ABOUT_RETURN_TYPE = YES_ERROR;
				GCC_WARN_UNDECLARED_SELECTOR = YES;
				GCC_WARN_UNINITIALIZED_AUTOS = YES_AGGRESSIVE;
				GCC_WARN_UNUSED_FUNCTION = YES;
				GCC_WARN_UNUSED_VARIABLE = YES;
				MACOSX_DEPLOYMENT_TARGET = 10.9;
				ONLY_ACTIVE_ARCH = YES;
				SDKROOT = macosx;
			};
			name = Debug;
		};
		65B9E94C19176C1D00DDE62E /* Release */ = {
			isa = XCBuildConfiguration;
			buildSettings = {
				ALWAYS_SEARCH_USER_PATHS = NO;
				CLANG_CXX_LANGUAGE_STANDARD = "gnu++0x";
				CLANG_CXX_LIBRARY = "libc++";
				CLANG_ENABLE_MODULES = YES;
				CLANG_ENABLE_OBJC_ARC = YES;
				CLANG_WARN_BOOL_CONVERSION = YES;
				CLANG_WARN_CONSTANT_CONVERSION = YES;
				CLANG_WARN_DIRECT_OBJC_ISA_USAGE = YES_ERROR;
				CLANG_WARN_EMPTY_BODY = YES;
				CLANG_WARN_ENUM_CONVERSION = YES;
				CLANG_WARN_INT_CONVERSION = YES;
				CLANG_WARN_OBJC_ROOT_CLASS = YES_ERROR;
				CLANG_WARN__DUPLICATE_METHOD_MATCH = YES;
				COPY_PHASE_STRIP = YES;
				DEBUG_INFORMATION_FORMAT = "dwarf-with-dsym";
				ENABLE_NS_ASSERTIONS = NO;
				GCC_C_LANGUAGE_STANDARD = gnu99;
				GCC_ENABLE_OBJC_EXCEPTIONS = YES;
				GCC_WARN_64_TO_32_BIT_CONVERSION = YES;
				GCC_WARN_ABOUT_RETURN_TYPE = YES_ERROR;
				GCC_WARN_UNDECLARED_SELECTOR = YES;
				GCC_WARN_UNINITIALIZED_AUTOS = YES_AGGRESSIVE;
				GCC_WARN_UNUSED_FUNCTION = YES;
				GCC_WARN_UNUSED_VARIABLE = YES;
				MACOSX_DEPLOYMENT_TARGET = 10.9;
				SDKROOT = macosx;
			};
			name = Release;
		};
		65B9E94E19176C1D00DDE62E /* Debug */ = {
			isa = XCBuildConfiguration;
			buildSettings = {
				PRODUCT_NAME = "$(TARGET_NAME)";
			};
			name = Debug;
		};
		65B9E94F19176C1D00DDE62E /* Release */ = {
			isa = XCBuildConfiguration;
			buildSettings = {
				PRODUCT_NAME = "$(TARGET_NAME)";
			};
			name = Release;
		};
/* End XCBuildConfiguration section */

/* Begin XCConfigurationList section */
		65B9E93F19176C1D00DDE62E /* Build configuration list for PBXProject "aes-gcm" */ = {
			isa = XCConfigurationList;
			buildConfigurations = (
				65B9E94B19176C1D00DDE62E /* Debug */,
				65B9E94C19176C1D00DDE62E /* Release */,
			);
			defaultConfigurationIsVisible = 0;
			defaultConfigurationName = Release;
		};
		65B9E94D19176C1D00DDE62E /* Build configuration list for PBXNativeTarget "aes-gcm" */ = {
			isa = XCConfigurationList;
			buildConfigurations = (
				65B9E94E19176C1D00DDE62E /* Debug */,
				65B9E94F19176C1D00DDE62E /* Release */,
			);
			defaultConfigurationIsVisible = 0;
		};
/* End XCConfigurationList section */
	};
	rootObject = 65B9E93C19176C1D00DDE62E /* Project object */;
}
